
Microsoft Visual Studio Solution File, Format Version 12.00
# Visual Studio Version 17
VisualStudioVersion = 17.10.34916.146
MinimumVisualStudioVersion = 10.0.40219.1
Project("{FAE04EC0-301F-11D3-BF4B-00C04F79EFBC}") = "VehiclesApp.Server", "VehiclesApp.Server\VehiclesApp.Server.csproj", "{4A41D450-A726-4E3A-9466-BE85E7890BC6}"
EndProject
Project("{54A90642-561A-4BB1-A94E-469ADEE60C69}") = "vehiclesapp.client", "vehiclesapp.client\vehiclesapp.client.esproj", "{1AA1FC24-EF39-494A-AFC7-6FAAD8DBDE7B}"
EndProject
Global
	GlobalSection(SolutionConfigurationPlatforms) = preSolution
		Debug|Any CPU = Debug|Any CPU
		Release|Any CPU = Release|Any CPU
	EndGlobalSection
	GlobalSection(ProjectConfigurationPlatforms) = postSolution
		{4A41D450-A726-4E3A-9466-BE85E7890BC6}.Debug|Any CPU.ActiveCfg = Debug|Any CPU
		{4A41D450-A726-4E3A-9466-BE85E7890BC6}.Debug|Any CPU.Build.0 = Debug|Any CPU
		{4A41D450-A726-4E3A-9466-BE85E7890BC6}.Release|Any CPU.ActiveCfg = Release|Any CPU
		{4A41D450-A726-4E3A-9466-BE85E7890BC6}.Release|Any CPU.Build.0 = Release|Any CPU
		{1AA1FC24-EF39-494A-AFC7-6FAAD8DBDE7B}.Debug|Any CPU.ActiveCfg = Debug|Any CPU
		{1AA1FC24-EF39-494A-AFC7-6FAAD8DBDE7B}.Debug|Any CPU.Build.0 = Debug|Any CPU
		{1AA1FC24-EF39-494A-AFC7-6FAAD8DBDE7B}.Debug|Any CPU.Deploy.0 = Debug|Any CPU
		{1AA1FC24-EF39-494A-AFC7-6FAAD8DBDE7B}.Release|Any CPU.ActiveCfg = Release|Any CPU
		{1AA1FC24-EF39-494A-AFC7-6FAAD8DBDE7B}.Release|Any CPU.Build.0 = Release|Any CPU
		{1AA1FC24-EF39-494A-AFC7-6FAAD8DBDE7B}.Release|Any CPU.Deploy.0 = Release|Any CPU
	EndGlobalSection
	GlobalSection(SolutionProperties) = preSolution
		HideSolutionNode = FALSE
	EndGlobalSection
	GlobalSection(ExtensibilityGlobals) = postSolution
		SolutionGuid = {94990773-51C5-441F-A955-C17FFB2CAE0D}
	EndGlobalSection
EndGlobal
